
Microsoft Visual Studio Solution File, Format Version 12.00
# Visual Studio Version 17
VisualStudioVersion = 17.13.35806.99 d17.13
MinimumVisualStudioVersion = 10.0.40219.1
Project("{FAE04EC0-301F-11D3-BF4B-00C04F79EFBC}") = "linq2", "linq2.csproj", "{0748B461-BBE6-4518-84CA-CF507E835381}"
EndProject
Global
	GlobalSection(SolutionConfigurationPlatforms) = preSolution
		Debug|Any CPU = Debug|Any CPU
		Release|Any CPU = Release|Any CPU
	EndGlobalSection
	GlobalSection(ProjectConfigurationPlatforms) = postSolution
		{0748B461-BBE6-4518-84CA-CF507E835381}.Debug|Any CPU.ActiveCfg = Debug|Any CPU
		{0748B461-BBE6-4518-84CA-CF507E835381}.Debug|Any CPU.Build.0 = Debug|Any CPU
		{0748B461-BBE6-4518-84CA-CF507E835381}.Release|Any CPU.ActiveCfg = Release|Any CPU
		{0748B461-BBE6-4518-84CA-CF507E835381}.Release|Any CPU.Build.0 = Release|Any CPU
	EndGlobalSection
	GlobalSection(SolutionProperties) = preSolution
		HideSolutionNode = FALSE
	EndGlobalSection
	GlobalSection(ExtensibilityGlobals) = postSolution
		SolutionGuid = {6CDD69DA-9838-4BF6-A1AA-FE94ED9DEB80}
	EndGlobalSection
EndGlobal
