
Microsoft Visual Studio Solution File, Format Version 12.00
# Visual Studio Version 17
VisualStudioVersion = 17.13.35806.99 d17.13
MinimumVisualStudioVersion = 10.0.40219.1
Project("{FAE04EC0-301F-11D3-BF4B-00C04F79EFBC}") = "linq", "linq.csproj", "{576E900B-3DF6-419B-8F91-08F61ADABCEB}"
EndProject
Global
	GlobalSection(SolutionConfigurationPlatforms) = preSolution
		Debug|Any CPU = Debug|Any CPU
		Release|Any CPU = Release|Any CPU
	EndGlobalSection
	GlobalSection(ProjectConfigurationPlatforms) = postSolution
		{576E900B-3DF6-419B-8F91-08F61ADABCEB}.Debug|Any CPU.ActiveCfg = Debug|Any CPU
		{576E900B-3DF6-419B-8F91-08F61ADABCEB}.Debug|Any CPU.Build.0 = Debug|Any CPU
		{576E900B-3DF6-419B-8F91-08F61ADABCEB}.Release|Any CPU.ActiveCfg = Release|Any CPU
		{576E900B-3DF6-419B-8F91-08F61ADABCEB}.Release|Any CPU.Build.0 = Release|Any CPU
	EndGlobalSection
	GlobalSection(SolutionProperties) = preSolution
		HideSolutionNode = FALSE
	EndGlobalSection
	GlobalSection(ExtensibilityGlobals) = postSolution
		SolutionGuid = {FF1C9CE6-FE9C-4868-BAB3-6580AC939E83}
	EndGlobalSection
EndGlobal
